
Microsoft Visual Studio Solution File, Format Version 12.00
# Visual Studio Version 17
VisualStudioVersion = 17.8.34408.163
MinimumVisualStudioVersion = 10.0.40219.1
Project("{9A19103F-16F7-4668-BE54-9A1E7A4F7556}") = "Core", "Core\Core.csproj", "{DD6F1DCC-3CD5-4DC6-8B2A-5612B61DB942}"
EndProject
Project("{9A19103F-16F7-4668-BE54-9A1E7A4F7556}") = "ChatServer", "ChatServer\ChatServer.csproj", "{79877E39-C3BD-4A48-B439-C6296EC468DF}"
EndProject
Project("{FAE04EC0-301F-11D3-BF4B-00C04F79EFBC}") = "DataCore", "DataCore\DataCore.csproj", "{319407C6-786A-4C18-9A68-017FEFF55978}"
EndProject
Global
	GlobalSection(SolutionConfigurationPlatforms) = preSolution
		Debug|Any CPU = Debug|Any CPU
		Release|Any CPU = Release|Any CPU
	EndGlobalSection
	GlobalSection(ProjectConfigurationPlatforms) = postSolution
		{DD6F1DCC-3CD5-4DC6-8B2A-5612B61DB942}.Debug|Any CPU.ActiveCfg = Debug|Any CPU
		{DD6F1DCC-3CD5-4DC6-8B2A-5612B61DB942}.Debug|Any CPU.Build.0 = Debug|Any CPU
		{DD6F1DCC-3CD5-4DC6-8B2A-5612B61DB942}.Release|Any CPU.ActiveCfg = Release|Any CPU
		{DD6F1DCC-3CD5-4DC6-8B2A-5612B61DB942}.Release|Any CPU.Build.0 = Release|Any CPU
		{79877E39-C3BD-4A48-B439-C6296EC468DF}.Debug|Any CPU.ActiveCfg = Debug|Any CPU
		{79877E39-C3BD-4A48-B439-C6296EC468DF}.Debug|Any CPU.Build.0 = Debug|Any CPU
		{79877E39-C3BD-4A48-B439-C6296EC468DF}.Release|Any CPU.ActiveCfg = Release|Any CPU
		{79877E39-C3BD-4A48-B439-C6296EC468DF}.Release|Any CPU.Build.0 = Release|Any CPU
		{319407C6-786A-4C18-9A68-017FEFF55978}.Debug|Any CPU.ActiveCfg = Debug|Any CPU
		{319407C6-786A-4C18-9A68-017FEFF55978}.Debug|Any CPU.Build.0 = Debug|Any CPU
		{319407C6-786A-4C18-9A68-017FEFF55978}.Release|Any CPU.ActiveCfg = Release|Any CPU
		{319407C6-786A-4C18-9A68-017FEFF55978}.Release|Any CPU.Build.0 = Release|Any CPU
	EndGlobalSection
	GlobalSection(SolutionProperties) = preSolution
		HideSolutionNode = FALSE
	EndGlobalSection
	GlobalSection(ExtensibilityGlobals) = postSolution
		SolutionGuid = {155F6966-ACD7-436C-B728-6A561DAB72B3}
	EndGlobalSection
EndGlobal
